
Microsoft Visual Studio Solution File, Format Version 12.00
# Visual Studio Version 17
VisualStudioVersion = 17.0.31903.59
MinimumVisualStudioVersion = 10.0.40219.1
Project("{FAE04EC0-301F-11D3-BF4B-00C04F79EFBC}") = "LeetCode", "LeetCode\LeetCode.csproj", "{75281A8D-10A7-4A01-B6F8-CFA1EE66B19C}"
EndProject
Global
	GlobalSection(SolutionConfigurationPlatforms) = preSolution
		Debug|Any CPU = Debug|Any CPU
		Release|Any CPU = Release|Any CPU
	EndGlobalSection
	GlobalSection(ProjectConfigurationPlatforms) = postSolution
		{75281A8D-10A7-4A01-B6F8-CFA1EE66B19C}.Debug|Any CPU.ActiveCfg = Debug|Any CPU
		{75281A8D-10A7-4A01-B6F8-CFA1EE66B19C}.Debug|Any CPU.Build.0 = Debug|Any CPU
		{75281A8D-10A7-4A01-B6F8-CFA1EE66B19C}.Release|Any CPU.ActiveCfg = Release|Any CPU
		{75281A8D-10A7-4A01-B6F8-CFA1EE66B19C}.Release|Any CPU.Build.0 = Release|Any CPU
	EndGlobalSection
	GlobalSection(SolutionProperties) = preSolution
		HideSolutionNode = FALSE
	EndGlobalSection
	GlobalSection(ExtensibilityGlobals) = postSolution
		SolutionGuid = {A950CB3D-4696-4D6E-A267-965C2C6DB87F}
	EndGlobalSection
EndGlobal
